{
  "name": "homebrew-get-cli",
  "version": "1.0.2",
  "lockfileVersion": 3,
  "requires": true,
  "packages": {
    "": {
      "name": "homebrew-get-cli",
      "version": "1.0.2",
      "license": "MIT",
      "bin": {
        "get": "bin/get.js"
      },
      "engines": {
        "node": ">=18"
      }
    }
  }
}
